PODS:
  - Alamofire (4.4.0)
  - DropDown (2)
  - Firebase/Core (3.16.0):
    - FirebaseAnalytics (= 3.8.0)
    - FirebaseCore (= 3.6.0)
  - Firebase/Messaging (3.16.0):
    - Firebase/Core
    - FirebaseMessaging (= 1.2.3)
  - FirebaseAnalytics (3.8.0):
    - FirebaseCore (~> 3.6)
    - FirebaseInstanceID (~> 1.0)
    - GoogleToolboxForMac/NSData+zlib (~> 2.1)
  - FirebaseCore (3.6.0):
    - GoogleToolboxForMac/NSData+zlib (~> 2.1)
  - FirebaseInstanceID (1.0.10):
    - FirebaseCore (~> 3.6)
  - FirebaseMessaging (1.2.3):
    - FirebaseAnalytics (~> 3.8)
    - FirebaseInstanceID (~> 1.0)
    - GoogleToolboxForMac/Logger (~> 2.1)
    - Protobuf (~> 3.1)
  - GoogleToolboxForMac/Defines (2.1.1)
  - GoogleToolboxForMac/Logger (2.1.1):
    - GoogleToolboxForMac/Defines (= 2.1.1)
  - GoogleToolboxForMac/NSData+zlib (2.1.1):
    - GoogleToolboxForMac/Defines (= 2.1.1)
  - KSCrash (1.15.8):
    - KSCrash/Installations (= 1.15.8)
  - KSCrash/Installations (1.15.8):
    - KSCrash/Recording
    - KSCrash/Reporting
  - KSCrash/Recording (1.15.8):
    - KSCrash/Recording/Tools (= 1.15.8)
  - KSCrash/Recording/Tools (1.15.8)
  - KSCrash/Reporting (1.15.8):
    - KSCrash/Recording
    - KSCrash/Reporting/Filters (= 1.15.8)
    - KSCrash/Reporting/MessageUI (= 1.15.8)
    - KSCrash/Reporting/Sinks (= 1.15.8)
    - KSCrash/Reporting/Tools (= 1.15.8)
  - KSCrash/Reporting/Filters (1.15.8):
    - KSCrash/Recording
    - KSCrash/Reporting/Filters/Alert (= 1.15.8)
    - KSCrash/Reporting/Filters/AppleFmt (= 1.15.8)
    - KSCrash/Reporting/Filters/Base (= 1.15.8)
    - KSCrash/Reporting/Filters/Basic (= 1.15.8)
    - KSCrash/Reporting/Filters/GZip (= 1.15.8)
    - KSCrash/Reporting/Filters/JSON (= 1.15.8)
    - KSCrash/Reporting/Filters/Sets (= 1.15.8)
    - KSCrash/Reporting/Filters/Stringify (= 1.15.8)
    - KSCrash/Reporting/Filters/Tools (= 1.15.8)
  - KSCrash/Reporting/Filters/Alert (1.15.8):
    - KSCrash/Recording
    - KSCrash/Reporting/Filters/Base
  - KSCrash/Reporting/Filters/AppleFmt (1.15.8):
    - KSCrash/Recording
    - KSCrash/Reporting/Filters/Base
  - KSCrash/Reporting/Filters/Base (1.15.8):
    - KSCrash/Recording
  - KSCrash/Reporting/Filters/Basic (1.15.8):
    - KSCrash/Recording
    - KSCrash/Reporting/Filters/Base
  - KSCrash/Reporting/Filters/GZip (1.15.8):
    - KSCrash/Recording
    - KSCrash/Reporting/Filters/Base
  - KSCrash/Reporting/Filters/JSON (1.15.8):
    - KSCrash/Recording
    - KSCrash/Reporting/Filters/Base
  - KSCrash/Reporting/Filters/Sets (1.15.8):
    - KSCrash/Recording
    - KSCrash/Reporting/Filters/AppleFmt
    - KSCrash/Reporting/Filters/Base
    - KSCrash/Reporting/Filters/Basic
    - KSCrash/Reporting/Filters/GZip
    - KSCrash/Reporting/Filters/JSON
    - KSCrash/Reporting/Filters/Stringify
  - KSCrash/Reporting/Filters/Stringify (1.15.8):
    - KSCrash/Recording
    - KSCrash/Reporting/Filters/Base
  - KSCrash/Reporting/Filters/Tools (1.15.8):
    - KSCrash/Recording
  - KSCrash/Reporting/MessageUI (1.15.8):
    - KSCrash/Recording
  - KSCrash/Reporting/Sinks (1.15.8):
    - KSCrash/Recording
    - KSCrash/Reporting/Filters
    - KSCrash/Reporting/Tools
  - KSCrash/Reporting/Tools (1.15.8):
    - KSCrash/Recording
  - Material (2.6.3):
    - Material/Core (= 2.6.3)
  - Material/Core (2.6.3)
  - OpenTok (2.10.2)
  - Protobuf (3.2.1)
  - PusherSwift (4.0.1)
  - SDWebImage (4.0.0):
    - SDWebImage/Core (= 4.0.0)
  - SDWebImage/Core (4.0.0)
  - Sentry (2.1.8):
    - KSCrash (~> 1.15.5)
  - Siesta (1.1.1):
    - Siesta/Core (= 1.1.1)
  - Siesta/Core (1.1.1)
  - SwiftValidator (4.0.0)
  - SwiftyJSON (3.1.4)

DEPENDENCIES:
  - Alamofire
  - DropDown
  - Firebase/Core
  - Firebase/Messaging
  - Material
  - OpenTok
  - PusherSwift
  - SDWebImage
  - Sentry (from `https://github.com/getsentry/sentry-swift.git`, tag `2.1.8`)
  - Siesta
  - SwiftValidator (from `https://github.com/jpotts18/SwiftValidator.git`, branch `master`)
  - SwiftyJSON

EXTERNAL SOURCES:
  Sentry:
    :git: https://github.com/getsentry/sentry-swift.git
    :tag: 2.1.8
  SwiftValidator:
    :branch: master
    :git: https://github.com/jpotts18/SwiftValidator.git

CHECKOUT OPTIONS:
  Sentry:
    :git: https://github.com/getsentry/sentry-swift.git
    :tag: 2.1.8
  SwiftValidator:
    :commit: 2a6c23ad9efd76127f6109445515cb9780e5ad92
    :git: https://github.com/jpotts18/SwiftValidator.git

SPEC CHECKSUMS:
  Alamofire: dc44b1600b800eb63da6a19039a0083d62a6a62d
  DropDown: 744784d9c9aa505100e942c16acd05430cbb2f0a
  Firebase: 21bf4a89d3f01bfbe11adc3a5d934a4a3d3a5fd6
  FirebaseAnalytics: 920e46455f27b0a52a80907a6d9b73ee4bd1c635
  FirebaseCore: 9691ee2ade70c098d7cf92440f4303f16d83ca75
  FirebaseInstanceID: b9eedd6846fb5e1f0f7279e1deaa7a7e4cf8392e
  FirebaseMessaging: 753d05a925e9eb8eadd09a0ffc9b808578b72fac
  GoogleToolboxForMac: 8e329f1b599f2512c6b10676d45736bcc2cbbeb0
  KSCrash: 4acb0f9cdb0b1ce7155c608dc175d91d750a8c3a
  Material: af607a7ec0e9978ef85cf189a3d8ceeeb650400f
  OpenTok: 9f0909068d6ed69acffa77a4610b47924926f79e
  Protobuf: 2ccbaf193f6c65adc67745453ca0c13234c32796
  PusherSwift: 8249a1c3634943cf7e1e9a691468357d53ab7e5f
  SDWebImage: 76a6348bdc74eb5a55dd08a091ef298e56b55e41
  Sentry: 28fe96d26f92160132fc6b641b857f97cf0bc00c
  Siesta: 920372f09b7cfd798074d85d8f3cf8505529a56e
  SwiftValidator: 25ded5ca1f10c05adf57f6ac82a72d28ac8d91af
  SwiftyJSON: c2842d878f95482ffceec5709abc3d05680c0220

PODFILE CHECKSUM: de78b6fdbe11048e86d6eb48ad794401767b7b84

COCOAPODS: 1.1.1
